
Microsoft Visual Studio Solution File, Format Version 12.00
# Visual Studio Version 16
VisualStudioVersion = 25.0.1703.7
MinimumVisualStudioVersion = 10.0.40219.1
Project("{FAE04EC0-301F-11D3-BF4B-00C04F79EFBC}") = "BackFinal", "BackFinal.csproj", "{45C3C8E6-630D-4868-907E-11F4892059E6}"
EndProject
Global
	GlobalSection(SolutionConfigurationPlatforms) = preSolution
		Debug|Any CPU = Debug|Any CPU
		Release|Any CPU = Release|Any CPU
	EndGlobalSection
	GlobalSection(ProjectConfigurationPlatforms) = postSolution
		{45C3C8E6-630D-4868-907E-11F4892059E6}.Debug|Any CPU.ActiveCfg = Debug|Any CPU
		{45C3C8E6-630D-4868-907E-11F4892059E6}.Debug|Any CPU.Build.0 = Debug|Any CPU
		{45C3C8E6-630D-4868-907E-11F4892059E6}.Release|Any CPU.ActiveCfg = Release|Any CPU
		{45C3C8E6-630D-4868-907E-11F4892059E6}.Release|Any CPU.Build.0 = Release|Any CPU
	EndGlobalSection
	GlobalSection(SolutionProperties) = preSolution
		HideSolutionNode = FALSE
	EndGlobalSection
	GlobalSection(ExtensibilityGlobals) = postSolution
		SolutionGuid = {D4125BBE-41CA-4FF8-8C03-04FF00A4AB4D}
	EndGlobalSection
EndGlobal
